
Microsoft Visual Studio Solution File, Format Version 12.00
# Visual Studio Version 17
VisualStudioVersion = 17.3.32819.101
MinimumVisualStudioVersion = 10.0.40219.1
Project("{FAE04EC0-301F-11D3-BF4B-00C04F79EFBC}") = "Collections", "Collections.csproj", "{4D709462-93DA-41D2-87D6-3954E5A03683}"
EndProject
Global
	GlobalSection(SolutionConfigurationPlatforms) = preSolution
		Debug|Any CPU = Debug|Any CPU
		Release|Any CPU = Release|Any CPU
	EndGlobalSection
	GlobalSection(ProjectConfigurationPlatforms) = postSolution
		{4D709462-93DA-41D2-87D6-3954E5A03683}.Debug|Any CPU.ActiveCfg = Debug|Any CPU
		{4D709462-93DA-41D2-87D6-3954E5A03683}.Debug|Any CPU.Build.0 = Debug|Any CPU
		{4D709462-93DA-41D2-87D6-3954E5A03683}.Release|Any CPU.ActiveCfg = Release|Any CPU
		{4D709462-93DA-41D2-87D6-3954E5A03683}.Release|Any CPU.Build.0 = Release|Any CPU
	EndGlobalSection
	GlobalSection(SolutionProperties) = preSolution
		HideSolutionNode = FALSE
	EndGlobalSection
	GlobalSection(ExtensibilityGlobals) = postSolution
		SolutionGuid = {95C310AC-FF75-4DCF-9FB5-55C11897E432}
	EndGlobalSection
EndGlobal
