
Microsoft Visual Studio Solution File, Format Version 12.00
# Visual Studio Version 17
VisualStudioVersion = 17.3.32819.101
MinimumVisualStudioVersion = 10.0.40219.1
Project("{FAE04EC0-301F-11D3-BF4B-00C04F79EFBC}") = "BakeryFreshBread.Api", "BakeryFreshBread.Api\BakeryFreshBread.Api.csproj", "{C31DF92B-61DE-41BE-952A-C22E1536E74F}"
EndProject
Project("{FAE04EC0-301F-11D3-BF4B-00C04F79EFBC}") = "BakeryFreshBread.Core", "BakeryFreshBread.Core\BakeryFreshBread.Core.csproj", "{3DBDAC34-BBD0-47DF-9CE4-69CACF90125F}"
EndProject
Project("{FAE04EC0-301F-11D3-BF4B-00C04F79EFBC}") = "BakeryFreshBread.Infrastructure", "BakeryFreshBread.Infrastructure\BakeryFreshBread.Infrastructure.csproj", "{3EE89765-1114-4706-BCB8-F702493A1FCD}"
EndProject
Project("{2150E333-8FDC-42A3-9474-1A3956D46DE8}") = "Tests", "Tests", "{CA3FCA8D-354A-40E1-B914-B3D4C89E73AD}"
EndProject
Project("{FAE04EC0-301F-11D3-BF4B-00C04F79EFBC}") = "BakeryFreshBread.UnitTests", "BakeryFreshBread.UnitTests\BakeryFreshBread.UnitTests.csproj", "{FD369E6E-8E51-4BDD-9E42-C1367E98155C}"
EndProject
Project("{FAE04EC0-301F-11D3-BF4B-00C04F79EFBC}") = "BakeryFreshBread.IntegrationTests", "BakeryFreshBread.IntegrationTests\BakeryFreshBread.IntegrationTests.csproj", "{6256A3A6-253D-4686-B5FB-61FECF2991CB}"
EndProject
Global
	GlobalSection(SolutionConfigurationPlatforms) = preSolution
		Debug|Any CPU = Debug|Any CPU
		Release|Any CPU = Release|Any CPU
	EndGlobalSection
	GlobalSection(ProjectConfigurationPlatforms) = postSolution
		{C31DF92B-61DE-41BE-952A-C22E1536E74F}.Debug|Any CPU.ActiveCfg = Debug|Any CPU
		{C31DF92B-61DE-41BE-952A-C22E1536E74F}.Debug|Any CPU.Build.0 = Debug|Any CPU
		{C31DF92B-61DE-41BE-952A-C22E1536E74F}.Release|Any CPU.ActiveCfg = Release|Any CPU
		{C31DF92B-61DE-41BE-952A-C22E1536E74F}.Release|Any CPU.Build.0 = Release|Any CPU
		{3DBDAC34-BBD0-47DF-9CE4-69CACF90125F}.Debug|Any CPU.ActiveCfg = Debug|Any CPU
		{3DBDAC34-BBD0-47DF-9CE4-69CACF90125F}.Debug|Any CPU.Build.0 = Debug|Any CPU
		{3DBDAC34-BBD0-47DF-9CE4-69CACF90125F}.Release|Any CPU.ActiveCfg = Release|Any CPU
		{3DBDAC34-BBD0-47DF-9CE4-69CACF90125F}.Release|Any CPU.Build.0 = Release|Any CPU
		{3EE89765-1114-4706-BCB8-F702493A1FCD}.Debug|Any CPU.ActiveCfg = Debug|Any CPU
		{3EE89765-1114-4706-BCB8-F702493A1FCD}.Debug|Any CPU.Build.0 = Debug|Any CPU
		{3EE89765-1114-4706-BCB8-F702493A1FCD}.Release|Any CPU.ActiveCfg = Release|Any CPU
		{3EE89765-1114-4706-BCB8-F702493A1FCD}.Release|Any CPU.Build.0 = Release|Any CPU
		{FD369E6E-8E51-4BDD-9E42-C1367E98155C}.Debug|Any CPU.ActiveCfg = Debug|Any CPU
		{FD369E6E-8E51-4BDD-9E42-C1367E98155C}.Debug|Any CPU.Build.0 = Debug|Any CPU
		{FD369E6E-8E51-4BDD-9E42-C1367E98155C}.Release|Any CPU.ActiveCfg = Release|Any CPU
		{FD369E6E-8E51-4BDD-9E42-C1367E98155C}.Release|Any CPU.Build.0 = Release|Any CPU
		{6256A3A6-253D-4686-B5FB-61FECF2991CB}.Debug|Any CPU.ActiveCfg = Debug|Any CPU
		{6256A3A6-253D-4686-B5FB-61FECF2991CB}.Debug|Any CPU.Build.0 = Debug|Any CPU
		{6256A3A6-253D-4686-B5FB-61FECF2991CB}.Release|Any CPU.ActiveCfg = Release|Any CPU
		{6256A3A6-253D-4686-B5FB-61FECF2991CB}.Release|Any CPU.Build.0 = Release|Any CPU
	EndGlobalSection
	GlobalSection(SolutionProperties) = preSolution
		HideSolutionNode = FALSE
	EndGlobalSection
	GlobalSection(NestedProjects) = preSolution
		{FD369E6E-8E51-4BDD-9E42-C1367E98155C} = {CA3FCA8D-354A-40E1-B914-B3D4C89E73AD}
		{6256A3A6-253D-4686-B5FB-61FECF2991CB} = {CA3FCA8D-354A-40E1-B914-B3D4C89E73AD}
	EndGlobalSection
	GlobalSection(ExtensibilityGlobals) = postSolution
		SolutionGuid = {B7B1377C-7CCF-4057-ABCE-7A9DC2B1E4C4}
	EndGlobalSection
EndGlobal
