
Microsoft Visual Studio Solution File, Format Version 12.00
# Visual Studio Version 17
VisualStudioVersion = 17.3.32819.101
MinimumVisualStudioVersion = 10.0.40219.1
Project("{9A19103F-16F7-4668-BE54-9A1E7A4F7556}") = "PrintBuiltInDataType", "PrintBuiltInDataType\PrintBuiltInDataType.csproj", "{84897921-CFD7-48FE-86F8-0A0F5B7F9693}"
EndProject
Project("{FAE04EC0-301F-11D3-BF4B-00C04F79EFBC}") = "IntertnetProjects", "IntertnetProjects\IntertnetProjects.csproj", "{DC2198D3-3E07-4287-B461-DD2FC3BCC4FF}"
EndProject
Global
	GlobalSection(SolutionConfigurationPlatforms) = preSolution
		Debug|Any CPU = Debug|Any CPU
		Release|Any CPU = Release|Any CPU
	EndGlobalSection
	GlobalSection(ProjectConfigurationPlatforms) = postSolution
		{84897921-CFD7-48FE-86F8-0A0F5B7F9693}.Debug|Any CPU.ActiveCfg = Debug|Any CPU
		{84897921-CFD7-48FE-86F8-0A0F5B7F9693}.Debug|Any CPU.Build.0 = Debug|Any CPU
		{84897921-CFD7-48FE-86F8-0A0F5B7F9693}.Release|Any CPU.ActiveCfg = Release|Any CPU
		{84897921-CFD7-48FE-86F8-0A0F5B7F9693}.Release|Any CPU.Build.0 = Release|Any CPU
		{DC2198D3-3E07-4287-B461-DD2FC3BCC4FF}.Debug|Any CPU.ActiveCfg = Debug|Any CPU
		{DC2198D3-3E07-4287-B461-DD2FC3BCC4FF}.Debug|Any CPU.Build.0 = Debug|Any CPU
		{DC2198D3-3E07-4287-B461-DD2FC3BCC4FF}.Release|Any CPU.ActiveCfg = Release|Any CPU
		{DC2198D3-3E07-4287-B461-DD2FC3BCC4FF}.Release|Any CPU.Build.0 = Release|Any CPU
	EndGlobalSection
	GlobalSection(SolutionProperties) = preSolution
		HideSolutionNode = FALSE
	EndGlobalSection
	GlobalSection(ExtensibilityGlobals) = postSolution
		SolutionGuid = {8A4C450C-F852-4DEB-B534-B6B34D2F5FEA}
	EndGlobalSection
EndGlobal
